// !$*UTF8*$!
{
	archiveVersion = 1;
	classes = {
	};
	objectVersion = 56;
	objects = {

/* Begin PBXBuildFile section */
		4107B12E2940CE5D0022507E /* HistoryView.swift in Sources */ = {isa = PBXBuildFile; fileRef = 4107B12B2940CE5D0022507E /* HistoryView.swift */; };
		4107B12F2940CE5D0022507E /* ProfileView.swift in Sources */ = {isa = PBXBuildFile; fileRef = 4107B12C2940CE5D0022507E /* ProfileView.swift */; };
		4107B1302940CE5D0022507E /* MeetView.swift in Sources */ = {isa = PBXBuildFile; fileRef = 4107B12D2940CE5D0022507E /* MeetView.swift */; };
		4107B1322940D1ED0022507E /* CoffeeColors.swift in Sources */ = {isa = PBXBuildFile; fileRef = 4107B1312940D1ED0022507E /* CoffeeColors.swift */; };
		4107B1362940DCD70022507E /* MeetActiveView.swift in Sources */ = {isa = PBXBuildFile; fileRef = 4107B1352940DCD70022507E /* MeetActiveView.swift */; };
		4107B1382940E32C0022507E /* InterestsView.swift in Sources */ = {isa = PBXBuildFile; fileRef = 4107B1372940E32C0022507E /* InterestsView.swift */; };
		4107B13A2940E6FB0022507E /* HistoryItem.swift in Sources */ = {isa = PBXBuildFile; fileRef = 4107B1392940E6FB0022507E /* HistoryItem.swift */; };
		B65C104A293FA59D007D2B70 /* CoffeeBreakApp.swift in Sources */ = {isa = PBXBuildFile; fileRef = B65C1049293FA59D007D2B70 /* CoffeeBreakApp.swift */; };
		B65C104C293FA59D007D2B70 /* ContentView.swift in Sources */ = {isa = PBXBuildFile; fileRef = B65C104B293FA59D007D2B70 /* ContentView.swift */; };
		B65C104E293FA59E007D2B70 /* Assets.xcassets in Resources */ = {isa = PBXBuildFile; fileRef = B65C104D293FA59E007D2B70 /* Assets.xcassets */; };
		B65C1051293FA59E007D2B70 /* Preview Assets.xcassets in Resources */ = {isa = PBXBuildFile; fileRef = B65C1050293FA59E007D2B70 /* Preview Assets.xcassets */; };
		B65C1058293FA6DF007D2B70 /* GoogleService-Info.plist in Resources */ = {isa = PBXBuildFile; fileRef = B65C1057293FA6DF007D2B70 /* GoogleService-Info.plist */; };
		B65C105B293FA952007D2B70 /* FirebaseAuth in Frameworks */ = {isa = PBXBuildFile; productRef = B65C105A293FA952007D2B70 /* FirebaseAuth */; };
		B65C105D293FA952007D2B70 /* FirebaseFirestoreSwift in Frameworks */ = {isa = PBXBuildFile; productRef = B65C105C293FA952007D2B70 /* FirebaseFirestoreSwift */; };
		B65C1060293FB1AB007D2B70 /* FirebaseManager.swift in Sources */ = {isa = PBXBuildFile; fileRef = B65C105F293FB1AB007D2B70 /* FirebaseManager.swift */; };
		B65C10632940C1DA007D2B70 /* FBDTOMeetupQueueElement.swift in Sources */ = {isa = PBXBuildFile; fileRef = B65C10622940C1DA007D2B70 /* FBDTOMeetupQueueElement.swift */; };
		B65C10652940CB4F007D2B70 /* IFirebaseDTO Protocol.swift in Sources */ = {isa = PBXBuildFile; fileRef = B65C10642940CB4F007D2B70 /* IFirebaseDTO Protocol.swift */; };
		B65C10672940DF33007D2B70 /* FirebaseRequests.swift in Sources */ = {isa = PBXBuildFile; fileRef = B65C10662940DF33007D2B70 /* FirebaseRequests.swift */; };
/* End PBXBuildFile section */

/* Begin PBXFileReference section */
		4107B12B2940CE5D0022507E /* HistoryView.swift */ = {isa = PBXFileReference; fileEncoding = 4; lastKnownFileType = sourcecode.swift; name = HistoryView.swift; path = ../../../testingAgainNC2/testingAgainNC2/HistoryView.swift; sourceTree = "<group>"; };
		4107B12C2940CE5D0022507E /* ProfileView.swift */ = {isa = PBXFileReference; fileEncoding = 4; lastKnownFileType = sourcecode.swift; name = ProfileView.swift; path = ../../../testingAgainNC2/testingAgainNC2/ProfileView.swift; sourceTree = "<group>"; };
		4107B12D2940CE5D0022507E /* MeetView.swift */ = {isa = PBXFileReference; fileEncoding = 4; lastKnownFileType = sourcecode.swift; name = MeetView.swift; path = ../../../testingAgainNC2/testingAgainNC2/MeetView.swift; sourceTree = "<group>"; };
		4107B1312940D1ED0022507E /* CoffeeColors.swift */ = {isa = PBXFileReference; lastKnownFileType = sourcecode.swift; path = CoffeeColors.swift; sourceTree = "<group>"; };
		4107B1352940DCD70022507E /* MeetActiveView.swift */ = {isa = PBXFileReference; lastKnownFileType = sourcecode.swift; path = MeetActiveView.swift; sourceTree = "<group>"; };
		4107B1372940E32C0022507E /* InterestsView.swift */ = {isa = PBXFileReference; lastKnownFileType = sourcecode.swift; path = InterestsView.swift; sourceTree = "<group>"; };
		4107B1392940E6FB0022507E /* HistoryItem.swift */ = {isa = PBXFileReference; lastKnownFileType = sourcecode.swift; path = HistoryItem.swift; sourceTree = "<group>"; };
		B65C1046293FA59D007D2B70 /* CoffeeBreak.app */ = {isa = PBXFileReference; explicitFileType = wrapper.application; includeInIndex = 0; path = CoffeeBreak.app; sourceTree = BUILT_PRODUCTS_DIR; };
		B65C1049293FA59D007D2B70 /* CoffeeBreakApp.swift */ = {isa = PBXFileReference; lastKnownFileType = sourcecode.swift; path = CoffeeBreakApp.swift; sourceTree = "<group>"; };
		B65C104B293FA59D007D2B70 /* ContentView.swift */ = {isa = PBXFileReference; lastKnownFileType = sourcecode.swift; path = ContentView.swift; sourceTree = "<group>"; };
		B65C104D293FA59E007D2B70 /* Assets.xcassets */ = {isa = PBXFileReference; lastKnownFileType = folder.assetcatalog; path = Assets.xcassets; sourceTree = "<group>"; };
		B65C1050293FA59E007D2B70 /* Preview Assets.xcassets */ = {isa = PBXFileReference; lastKnownFileType = folder.assetcatalog; path = "Preview Assets.xcassets"; sourceTree = "<group>"; };
		B65C1057293FA6DF007D2B70 /* GoogleService-Info.plist */ = {isa = PBXFileReference; fileEncoding = 4; lastKnownFileType = text.plist.xml; path = "GoogleService-Info.plist"; sourceTree = "<group>"; };
		B65C105F293FB1AB007D2B70 /* FirebaseManager.swift */ = {isa = PBXFileReference; lastKnownFileType = sourcecode.swift; path = FirebaseManager.swift; sourceTree = "<group>"; };
		B65C10622940C1DA007D2B70 /* FBDTOMeetupQueueElement.swift */ = {isa = PBXFileReference; lastKnownFileType = sourcecode.swift; path = FBDTOMeetupQueueElement.swift; sourceTree = "<group>"; };
		B65C10642940CB4F007D2B70 /* IFirebaseDTO Protocol.swift */ = {isa = PBXFileReference; lastKnownFileType = sourcecode.swift; path = "IFirebaseDTO Protocol.swift"; sourceTree = "<group>"; };
		B65C10662940DF33007D2B70 /* FirebaseRequests.swift */ = {isa = PBXFileReference; lastKnownFileType = sourcecode.swift; path = FirebaseRequests.swift; sourceTree = "<group>"; };
/* End PBXFileReference section */

/* Begin PBXFrameworksBuildPhase section */
		B65C1043293FA59D007D2B70 /* Frameworks */ = {
			isa = PBXFrameworksBuildPhase;
			buildActionMask = 2147483647;
			files = (
				B65C105B293FA952007D2B70 /* FirebaseAuth in Frameworks */,
				B65C105D293FA952007D2B70 /* FirebaseFirestoreSwift in Frameworks */,
			);
			runOnlyForDeploymentPostprocessing = 0;
		};
/* End PBXFrameworksBuildPhase section */

/* Begin PBXGroup section */
		B65C103D293FA59D007D2B70 = {
			isa = PBXGroup;
			children = (
				B65C1048293FA59D007D2B70 /* CoffeeBreak */,
				B65C1047293FA59D007D2B70 /* Products */,
			);
			sourceTree = "<group>";
		};
		B65C1047293FA59D007D2B70 /* Products */ = {
			isa = PBXGroup;
			children = (
				B65C1046293FA59D007D2B70 /* CoffeeBreak.app */,
			);
			name = Products;
			sourceTree = "<group>";
		};
		B65C1048293FA59D007D2B70 /* CoffeeBreak */ = {
			isa = PBXGroup;
			children = (
				4107B12B2940CE5D0022507E /* HistoryView.swift */,
				4107B1392940E6FB0022507E /* HistoryItem.swift */,
				4107B12D2940CE5D0022507E /* MeetView.swift */,
				4107B1352940DCD70022507E /* MeetActiveView.swift */,
				4107B1312940D1ED0022507E /* CoffeeColors.swift */,
				4107B12C2940CE5D0022507E /* ProfileView.swift */,
				4107B1372940E32C0022507E /* InterestsView.swift */,
				B65C1049293FA59D007D2B70 /* CoffeeBreakApp.swift */,
				B65C104B293FA59D007D2B70 /* ContentView.swift */,
				B65C105E293FAFF8007D2B70 /* Network */,
				B65C104D293FA59E007D2B70 /* Assets.xcassets */,
				B65C1057293FA6DF007D2B70 /* GoogleService-Info.plist */,
				B65C104F293FA59E007D2B70 /* Preview Content */,
			);
			path = CoffeeBreak;
			sourceTree = "<group>";
		};
		B65C104F293FA59E007D2B70 /* Preview Content */ = {
			isa = PBXGroup;
			children = (
				B65C1050293FA59E007D2B70 /* Preview Assets.xcassets */,
			);
			path = "Preview Content";
			sourceTree = "<group>";
		};
		B65C105E293FAFF8007D2B70 /* Network */ = {
			isa = PBXGroup;
			children = (
				B65C10682940E002007D2B70 /* Firebase Requests */,
				B65C10612940C1C5007D2B70 /* Firebase DTOs */,
				B65C105F293FB1AB007D2B70 /* FirebaseManager.swift */,
			);
			path = Network;
			sourceTree = "<group>";
		};
		B65C10612940C1C5007D2B70 /* Firebase DTOs */ = {
			isa = PBXGroup;
			children = (
				B65C10642940CB4F007D2B70 /* IFirebaseDTO Protocol.swift */,
				B65C10622940C1DA007D2B70 /* FBDTOMeetupQueueElement.swift */,
			);
			path = "Firebase DTOs";
			sourceTree = "<group>";
		};
		B65C10682940E002007D2B70 /* Firebase Requests */ = {
			isa = PBXGroup;
			children = (
				B65C10662940DF33007D2B70 /* FirebaseRequests.swift */,
			);
			path = "Firebase Requests";
			sourceTree = "<group>";
		};
/* End PBXGroup section */

/* Begin PBXNativeTarget section */
		B65C1045293FA59D007D2B70 /* CoffeeBreak */ = {
			isa = PBXNativeTarget;
			buildConfigurationList = B65C1054293FA59E007D2B70 /* Build configuration list for PBXNativeTarget "CoffeeBreak" */;
			buildPhases = (
				B65C1042293FA59D007D2B70 /* Sources */,
				B65C1043293FA59D007D2B70 /* Frameworks */,
				B65C1044293FA59D007D2B70 /* Resources */,
			);
			buildRules = (
			);
			dependencies = (
			);
			name = CoffeeBreak;
			packageProductDependencies = (
				B65C105A293FA952007D2B70 /* FirebaseAuth */,
				B65C105C293FA952007D2B70 /* FirebaseFirestoreSwift */,
			);
			productName = CoffeeBreak;
			productReference = B65C1046293FA59D007D2B70 /* CoffeeBreak.app */;
			productType = "com.apple.product-type.application";
		};
/* End PBXNativeTarget section */

/* Begin PBXProject section */
		B65C103E293FA59D007D2B70 /* Project object */ = {
			isa = PBXProject;
			attributes = {
				BuildIndependentTargetsInParallel = 1;
				LastSwiftUpdateCheck = 1410;
				LastUpgradeCheck = 1410;
				TargetAttributes = {
					B65C1045293FA59D007D2B70 = {
						CreatedOnToolsVersion = 14.1;
					};
				};
			};
			buildConfigurationList = B65C1041293FA59D007D2B70 /* Build configuration list for PBXProject "CoffeeBreak" */;
			compatibilityVersion = "Xcode 14.0";
			developmentRegion = en;
			hasScannedForEncodings = 0;
			knownRegions = (
				en,
				Base,
			);
			mainGroup = B65C103D293FA59D007D2B70;
			packageReferences = (
				B65C1059293FA952007D2B70 /* XCRemoteSwiftPackageReference "firebase-ios-sdk" */,
			);
			productRefGroup = B65C1047293FA59D007D2B70 /* Products */;
			projectDirPath = "";
			projectRoot = "";
			targets = (
				B65C1045293FA59D007D2B70 /* CoffeeBreak */,
			);
		};
/* End PBXProject section */

/* Begin PBXResourcesBuildPhase section */
		B65C1044293FA59D007D2B70 /* Resources */ = {
			isa = PBXResourcesBuildPhase;
			buildActionMask = 2147483647;
			files = (
				B65C1051293FA59E007D2B70 /* Preview Assets.xcassets in Resources */,
				B65C104E293FA59E007D2B70 /* Assets.xcassets in Resources */,
				B65C1058293FA6DF007D2B70 /* GoogleService-Info.plist in Resources */,
			);
			runOnlyForDeploymentPostprocessing = 0;
		};
/* End PBXResourcesBuildPhase section */

/* Begin PBXSourcesBuildPhase section */
		B65C1042293FA59D007D2B70 /* Sources */ = {
			isa = PBXSourcesBuildPhase;
			buildActionMask = 2147483647;
			files = (
				B65C1060293FB1AB007D2B70 /* FirebaseManager.swift in Sources */,
				4107B1362940DCD70022507E /* MeetActiveView.swift in Sources */,
				4107B1302940CE5D0022507E /* MeetView.swift in Sources */,
				4107B13A2940E6FB0022507E /* HistoryItem.swift in Sources */,
				4107B12E2940CE5D0022507E /* HistoryView.swift in Sources */,
				4107B12F2940CE5D0022507E /* ProfileView.swift in Sources */,
				B65C104C293FA59D007D2B70 /* ContentView.swift in Sources */,
				B65C10632940C1DA007D2B70 /* FBDTOMeetupQueueElement.swift in Sources */,
				B65C10652940CB4F007D2B70 /* IFirebaseDTO Protocol.swift in Sources */,
				B65C10672940DF33007D2B70 /* FirebaseRequests.swift in Sources */,
				B65C104A293FA59D007D2B70 /* CoffeeBreakApp.swift in Sources */,
				4107B1382940E32C0022507E /* InterestsView.swift in Sources */,
				4107B1322940D1ED0022507E /* CoffeeColors.swift in Sources */,
			);
			runOnlyForDeploymentPostprocessing = 0;
		};
/* End PBXSourcesBuildPhase section */

/* Begin XCBuildConfiguration section */
		B65C1052293FA59E007D2B70 /* Debug */ = {
			isa = XCBuildConfiguration;
			buildSettings = {
				ALWAYS_SEARCH_USER_PATHS = NO;
				CLANG_ANALYZER_NONNULL = YES;
				CLANG_ANALYZER_NUMBER_OBJECT_CONVERSION = YES_AGGRESSIVE;
				CLANG_CXX_LANGUAGE_STANDARD = "gnu++20";
				CLANG_ENABLE_MODULES = YES;
				CLANG_ENABLE_OBJC_ARC = YES;
				CLANG_ENABLE_OBJC_WEAK = YES;
				CLANG_WARN_BLOCK_CAPTURE_AUTORELEASING = YES;
				CLANG_WARN_BOOL_CONVERSION = YES;
				CLANG_WARN_COMMA = YES;
				CLANG_WARN_CONSTANT_CONVERSION = YES;
				CLANG_WARN_DEPRECATED_OBJC_IMPLEMENTATIONS = YES;
				CLANG_WARN_DIRECT_OBJC_ISA_USAGE = YES_ERROR;
				CLANG_WARN_DOCUMENTATION_COMMENTS = YES;
				CLANG_WARN_EMPTY_BODY = YES;
				CLANG_WARN_ENUM_CONVERSION = YES;
				CLANG_WARN_INFINITE_RECURSION = YES;
				CLANG_WARN_INT_CONVERSION = YES;
				CLANG_WARN_NON_LITERAL_NULL_CONVERSION = YES;
				CLANG_WARN_OBJC_IMPLICIT_RETAIN_SELF = YES;
				CLANG_WARN_OBJC_LITERAL_CONVERSION = YES;
				CLANG_WARN_OBJC_ROOT_CLASS = YES_ERROR;
				CLANG_WARN_QUOTED_INCLUDE_IN_FRAMEWORK_HEADER = YES;
				CLANG_WARN_RANGE_LOOP_ANALYSIS = YES;
				CLANG_WARN_STRICT_PROTOTYPES = YES;
				CLANG_WARN_SUSPICIOUS_MOVE = YES;
				CLANG_WARN_UNGUARDED_AVAILABILITY = YES_AGGRESSIVE;
				CLANG_WARN_UNREACHABLE_CODE = YES;
				CLANG_WARN__DUPLICATE_METHOD_MATCH = YES;
				COPY_PHASE_STRIP = NO;
				DEBUG_INFORMATION_FORMAT = dwarf;
				ENABLE_STRICT_OBJC_MSGSEND = YES;
				ENABLE_TESTABILITY = YES;
				GCC_C_LANGUAGE_STANDARD = gnu11;
				GCC_DYNAMIC_NO_PIC = NO;
				GCC_NO_COMMON_BLOCKS = YES;
				GCC_OPTIMIZATION_LEVEL = 0;
				GCC_PREPROCESSOR_DEFINITIONS = (
					"DEBUG=1",
					"$(inherited)",
				);
				GCC_WARN_64_TO_32_BIT_CONVERSION = YES;
				GCC_WARN_ABOUT_RETURN_TYPE = YES_ERROR;
				GCC_WARN_UNDECLARED_SELECTOR = YES;
				GCC_WARN_UNINITIALIZED_AUTOS = YES_AGGRESSIVE;
				GCC_WARN_UNUSED_FUNCTION = YES;
				GCC_WARN_UNUSED_VARIABLE = YES;
				IPHONEOS_DEPLOYMENT_TARGET = 16.1;
				MTL_ENABLE_DEBUG_INFO = INCLUDE_SOURCE;
				MTL_FAST_MATH = YES;
				ONLY_ACTIVE_ARCH = YES;
				SDKROOT = iphoneos;
				SWIFT_ACTIVE_COMPILATION_CONDITIONS = DEBUG;
				SWIFT_OPTIMIZATION_LEVEL = "-Onone";
			};
			name = Debug;
		};
		B65C1053293FA59E007D2B70 /* Release */ = {
			isa = XCBuildConfiguration;
			buildSettings = {
				ALWAYS_SEARCH_USER_PATHS = NO;
				CLANG_ANALYZER_NONNULL = YES;
				CLANG_ANALYZER_NUMBER_OBJECT_CONVERSION = YES_AGGRESSIVE;
				CLANG_CXX_LANGUAGE_STANDARD = "gnu++20";
				CLANG_ENABLE_MODULES = YES;
				CLANG_ENABLE_OBJC_ARC = YES;
				CLANG_ENABLE_OBJC_WEAK = YES;
				CLANG_WARN_BLOCK_CAPTURE_AUTORELEASING = YES;
				CLANG_WARN_BOOL_CONVERSION = YES;
				CLANG_WARN_COMMA = YES;
				CLANG_WARN_CONSTANT_CONVERSION = YES;
				CLANG_WARN_DEPRECATED_OBJC_IMPLEMENTATIONS = YES;
				CLANG_WARN_DIRECT_OBJC_ISA_USAGE = YES_ERROR;
				CLANG_WARN_DOCUMENTATION_COMMENTS = YES;
				CLANG_WARN_EMPTY_BODY = YES;
				CLANG_WARN_ENUM_CONVERSION = YES;
				CLANG_WARN_INFINITE_RECURSION = YES;
				CLANG_WARN_INT_CONVERSION = YES;
				CLANG_WARN_NON_LITERAL_NULL_CONVERSION = YES;
				CLANG_WARN_OBJC_IMPLICIT_RETAIN_SELF = YES;
				CLANG_WARN_OBJC_LITERAL_CONVERSION = YES;
				CLANG_WARN_OBJC_ROOT_CLASS = YES_ERROR;
				CLANG_WARN_QUOTED_INCLUDE_IN_FRAMEWORK_HEADER = YES;
				CLANG_WARN_RANGE_LOOP_ANALYSIS = YES;
				CLANG_WARN_STRICT_PROTOTYPES = YES;
				CLANG_WARN_SUSPICIOUS_MOVE = YES;
				CLANG_WARN_UNGUARDED_AVAILABILITY = YES_AGGRESSIVE;
				CLANG_WARN_UNREACHABLE_CODE = YES;
				CLANG_WARN__DUPLICATE_METHOD_MATCH = YES;
				COPY_PHASE_STRIP = NO;
				DEBUG_INFORMATION_FORMAT = "dwarf-with-dsym";
				ENABLE_NS_ASSERTIONS = NO;
				ENABLE_STRICT_OBJC_MSGSEND = YES;
				GCC_C_LANGUAGE_STANDARD = gnu11;
				GCC_NO_COMMON_BLOCKS = YES;
				GCC_WARN_64_TO_32_BIT_CONVERSION = YES;
				GCC_WARN_ABOUT_RETURN_TYPE = YES_ERROR;
				GCC_WARN_UNDECLARED_SELECTOR = YES;
				GCC_WARN_UNINITIALIZED_AUTOS = YES_AGGRESSIVE;
				GCC_WARN_UNUSED_FUNCTION = YES;
				GCC_WARN_UNUSED_VARIABLE = YES;
				IPHONEOS_DEPLOYMENT_TARGET = 16.1;
				MTL_ENABLE_DEBUG_INFO = NO;
				MTL_FAST_MATH = YES;
				SDKROOT = iphoneos;
				SWIFT_COMPILATION_MODE = wholemodule;
				SWIFT_OPTIMIZATION_LEVEL = "-O";
				VALIDATE_PRODUCT = YES;
			};
			name = Release;
		};
		B65C1055293FA59E007D2B70 /* Debug */ = {
			isa = XCBuildConfiguration;
			buildSettings = {
				ASSETCATALOG_COMPILER_APPICON_NAME = AppIcon;
				ASSETCATALOG_COMPILER_GLOBAL_ACCENT_COLOR_NAME = AccentColor;
				CODE_SIGN_STYLE = Automatic;
				CURRENT_PROJECT_VERSION = 1;
				DEVELOPMENT_ASSET_PATHS = "\"CoffeeBreak/Preview Content\"";
				DEVELOPMENT_TEAM = V4YFFJ2V7Y;
				ENABLE_PREVIEWS = YES;
				GENERATE_INFOPLIST_FILE = YES;
				INFOPLIST_KEY_CFBundleDisplayName = "Coffee Break";
				INFOPLIST_KEY_LSApplicationCategoryType = "public.app-category.social-networking";
				INFOPLIST_KEY_UIApplicationSceneManifest_Generation = YES;
				INFOPLIST_KEY_UIApplicationSupportsIndirectInputEvents = YES;
				INFOPLIST_KEY_UILaunchScreen_Generation = YES;
				INFOPLIST_KEY_UISupportedInterfaceOrientations = UIInterfaceOrientationPortrait;
				INFOPLIST_KEY_UISupportedInterfaceOrientations_iPad = "UIInterfaceOrientationLandscapeLeft UIInterfaceOrientationLandscapeRight UIInterfaceOrientationPortrait UIInterfaceOrientationPortraitUpsideDown";
				LD_RUNPATH_SEARCH_PATHS = (
					"$(inherited)",
					"@executable_path/Frameworks",
				);
				MARKETING_VERSION = 1.0;
				PRODUCT_BUNDLE_IDENTIFIER = com.myra5hik.CoffeeBreak;
				PRODUCT_NAME = "$(TARGET_NAME)";
				SUPPORTED_PLATFORMS = "iphoneos iphonesimulator";
				SUPPORTS_MACCATALYST = NO;
				SUPPORTS_MAC_DESIGNED_FOR_IPHONE_IPAD = NO;
				SWIFT_EMIT_LOC_STRINGS = YES;
				SWIFT_VERSION = 5.0;
				TARGETED_DEVICE_FAMILY = 1;
			};
			name = Debug;
		};
		B65C1056293FA59E007D2B70 /* Release */ = {
			isa = XCBuildConfiguration;
			buildSettings = {
				ASSETCATALOG_COMPILER_APPICON_NAME = AppIcon;
				ASSETCATALOG_COMPILER_GLOBAL_ACCENT_COLOR_NAME = AccentColor;
				CODE_SIGN_STYLE = Automatic;
				CURRENT_PROJECT_VERSION = 1;
				DEVELOPMENT_ASSET_PATHS = "\"CoffeeBreak/Preview Content\"";
				DEVELOPMENT_TEAM = V4YFFJ2V7Y;
				ENABLE_PREVIEWS = YES;
				GENERATE_INFOPLIST_FILE = YES;
				INFOPLIST_KEY_CFBundleDisplayName = "Coffee Break";
				INFOPLIST_KEY_LSApplicationCategoryType = "public.app-category.social-networking";
				INFOPLIST_KEY_UIApplicationSceneManifest_Generation = YES;
				INFOPLIST_KEY_UIApplicationSupportsIndirectInputEvents = YES;
				INFOPLIST_KEY_UILaunchScreen_Generation = YES;
				INFOPLIST_KEY_UISupportedInterfaceOrientations = UIInterfaceOrientationPortrait;
				INFOPLIST_KEY_UISupportedInterfaceOrientations_iPad = "UIInterfaceOrientationLandscapeLeft UIInterfaceOrientationLandscapeRight UIInterfaceOrientationPortrait UIInterfaceOrientationPortraitUpsideDown";
				LD_RUNPATH_SEARCH_PATHS = (
					"$(inherited)",
					"@executable_path/Frameworks",
				);
				MARKETING_VERSION = 1.0;
				PRODUCT_BUNDLE_IDENTIFIER = com.myra5hik.CoffeeBreak;
				PRODUCT_NAME = "$(TARGET_NAME)";
				SUPPORTED_PLATFORMS = "iphoneos iphonesimulator";
				SUPPORTS_MACCATALYST = NO;
				SUPPORTS_MAC_DESIGNED_FOR_IPHONE_IPAD = NO;
				SWIFT_EMIT_LOC_STRINGS = YES;
				SWIFT_VERSION = 5.0;
				TARGETED_DEVICE_FAMILY = 1;
			};
			name = Release;
		};
/* End XCBuildConfiguration section */

/* Begin XCConfigurationList section */
		B65C1041293FA59D007D2B70 /* Build configuration list for PBXProject "CoffeeBreak" */ = {
			isa = XCConfigurationList;
			buildConfigurations = (
				B65C1052293FA59E007D2B70 /* Debug */,
				B65C1053293FA59E007D2B70 /* Release */,
			);
			defaultConfigurationIsVisible = 0;
			defaultConfigurationName = Release;
		};
		B65C1054293FA59E007D2B70 /* Build configuration list for PBXNativeTarget "CoffeeBreak" */ = {
			isa = XCConfigurationList;
			buildConfigurations = (
				B65C1055293FA59E007D2B70 /* Debug */,
				B65C1056293FA59E007D2B70 /* Release */,
			);
			defaultConfigurationIsVisible = 0;
			defaultConfigurationName = Release;
		};
/* End XCConfigurationList section */

/* Begin XCRemoteSwiftPackageReference section */
		B65C1059293FA952007D2B70 /* XCRemoteSwiftPackageReference "firebase-ios-sdk" */ = {
			isa = XCRemoteSwiftPackageReference;
			repositoryURL = "https://github.com/firebase/firebase-ios-sdk";
			requirement = {
				kind = exactVersion;
				version = 10.3.0;
			};
		};
/* End XCRemoteSwiftPackageReference section */

/* Begin XCSwiftPackageProductDependency section */
		B65C105A293FA952007D2B70 /* FirebaseAuth */ = {
			isa = XCSwiftPackageProductDependency;
			package = B65C1059293FA952007D2B70 /* XCRemoteSwiftPackageReference "firebase-ios-sdk" */;
			productName = FirebaseAuth;
		};
		B65C105C293FA952007D2B70 /* FirebaseFirestoreSwift */ = {
			isa = XCSwiftPackageProductDependency;
			package = B65C1059293FA952007D2B70 /* XCRemoteSwiftPackageReference "firebase-ios-sdk" */;
			productName = FirebaseFirestoreSwift;
		};
/* End XCSwiftPackageProductDependency section */
	};
	rootObject = B65C103E293FA59D007D2B70 /* Project object */;
}
